
Microsoft Visual Studio Solution File, Format Version 12.00
# Visual Studio 2012
Project("{FAE04EC0-301F-11D3-BF4B-00C04F79EFBC}") = "Payroll_Mvc", "Payroll_Mvc\Payroll_Mvc.csproj", "{90616962-FA15-474D-ABBD-64D4C0960312}"
EndProject
Project("{FAE04EC0-301F-11D3-BF4B-00C04F79EFBC}") = "Payroll.Domain", "Domain\Payroll.Domain.csproj", "{43664DE0-0E47-4182-94B5-7E81A93B7498}"
EndProject
Global
	GlobalSection(SolutionConfigurationPlatforms) = preSolution
		Debug|Any CPU = Debug|Any CPU
		Release|Any CPU = Release|Any CPU
	EndGlobalSection
	GlobalSection(ProjectConfigurationPlatforms) = postSolution
		{90616962-FA15-474D-ABBD-64D4C0960312}.Debug|Any CPU.ActiveCfg = Debug|Any CPU
		{90616962-FA15-474D-ABBD-64D4C0960312}.Debug|Any CPU.Build.0 = Debug|Any CPU
		{90616962-FA15-474D-ABBD-64D4C0960312}.Release|Any CPU.ActiveCfg = Release|Any CPU
		{90616962-FA15-474D-ABBD-64D4C0960312}.Release|Any CPU.Build.0 = Release|Any CPU
		{43664DE0-0E47-4182-94B5-7E81A93B7498}.Debug|Any CPU.ActiveCfg = Debug|Any CPU
		{43664DE0-0E47-4182-94B5-7E81A93B7498}.Debug|Any CPU.Build.0 = Debug|Any CPU
		{43664DE0-0E47-4182-94B5-7E81A93B7498}.Release|Any CPU.ActiveCfg = Release|Any CPU
		{43664DE0-0E47-4182-94B5-7E81A93B7498}.Release|Any CPU.Build.0 = Release|Any CPU
	EndGlobalSection
	GlobalSection(SolutionProperties) = preSolution
		HideSolutionNode = FALSE
	EndGlobalSection
EndGlobal
